
Microsoft Visual Studio Solution File, Format Version 12.00
# Visual Studio Version 17
VisualStudioVersion = 17.2.32505.173
MinimumVisualStudioVersion = 10.0.40219.1
Project("{FAE04EC0-301F-11D3-BF4B-00C04F79EFBC}") = "Login", "Login\Login.csproj", "{3E1D6A51-76E1-43B4-B23E-42262C44998E}"
EndProject
Global
	GlobalSection(SolutionConfigurationPlatforms) = preSolution
		Debug|Any CPU = Debug|Any CPU
		Release|Any CPU = Release|Any CPU
	EndGlobalSection
	GlobalSection(ProjectConfigurationPlatforms) = postSolution
		{3E1D6A51-76E1-43B4-B23E-42262C44998E}.Debug|Any CPU.ActiveCfg = Debug|Any CPU
		{3E1D6A51-76E1-43B4-B23E-42262C44998E}.Debug|Any CPU.Build.0 = Debug|Any CPU
		{3E1D6A51-76E1-43B4-B23E-42262C44998E}.Release|Any CPU.ActiveCfg = Release|Any CPU
		{3E1D6A51-76E1-43B4-B23E-42262C44998E}.Release|Any CPU.Build.0 = Release|Any CPU
	EndGlobalSection
	GlobalSection(SolutionProperties) = preSolution
		HideSolutionNode = FALSE
	EndGlobalSection
	GlobalSection(ExtensibilityGlobals) = postSolution
		SolutionGuid = {191ED9B7-2F00-4FD3-BEC5-1FD4423DE538}
	EndGlobalSection
EndGlobal
